
Microsoft Visual Studio Solution File, Format Version 12.00
# Visual Studio Version 17
VisualStudioVersion = 17.9.34728.123
MinimumVisualStudioVersion = 10.0.40219.1
Project("{2150E333-8FDC-42A3-9474-1A3956D46DE8}") = "Toolchain", "Toolchain", "{530DBD37-5B7D-4711-8C30-C6FF20672FC0}"
EndProject
Project("{FAE04EC0-301F-11D3-BF4B-00C04F79EFBC}") = "Lexer", "Toolchain\Lexer\Lexer.csproj", "{EADDA225-7850-487A-A327-C43C78542C49}"
EndProject
Project("{FAE04EC0-301F-11D3-BF4B-00C04F79EFBC}") = "AST", "Toolchain\AST\AST.csproj", "{62C05B1E-C595-41F7-8BC9-0024B96E064A}"
EndProject
Project("{FAE04EC0-301F-11D3-BF4B-00C04F79EFBC}") = "Shared", "Toolchain\Shared\Shared.csproj", "{1F271233-2A71-49EE-BD49-6FA420877789}"
EndProject
Project("{FAE04EC0-301F-11D3-BF4B-00C04F79EFBC}") = "Parser", "Toolchain\Parser\Parser.csproj", "{9AF294A5-9BED-4D54-92DE-4479924FA71F}"
EndProject
Project("{FAE04EC0-301F-11D3-BF4B-00C04F79EFBC}") = "Compiler", "Toolchain\Compiler\Compiler.csproj", "{A555A0B8-6ECB-4760-A525-4285B969A79A}"
EndProject
Project("{FAE04EC0-301F-11D3-BF4B-00C04F79EFBC}") = "ASTLogger", "Toolchain\ASTLogger\ASTLogger.csproj", "{7A4BAADF-21E4-46F3-A3F8-6E587FBE4697}"
EndProject
Project("{FAE04EC0-301F-11D3-BF4B-00C04F79EFBC}") = "ASTVisualizer", "Toolchain\ASTVisualizer\ASTVisualizer.csproj", "{BA35CC4D-CB77-44E7-98E2-EA7A7ABE82CF}"
EndProject
Project("{FAE04EC0-301F-11D3-BF4B-00C04F79EFBC}") = "Typeck", "Toolchain\Typeck\Typeck.csproj", "{F6934A32-D6F7-4FE1-A5B7-AAF39E4ADB8F}"
EndProject
Project("{FAE04EC0-301F-11D3-BF4B-00C04F79EFBC}") = "Symbols", "Toolchain\Symbols\Symbols.csproj", "{2C748342-A6E3-43B0-B09E-4508D585FA34}"
EndProject
Project("{FAE04EC0-301F-11D3-BF4B-00C04F79EFBC}") = "Generator", "Toolchain\Generator\Generator.csproj", "{0BB78575-25D8-4635-A6E0-7B96EE472E30}"
EndProject
Project("{FAE04EC0-301F-11D3-BF4B-00C04F79EFBC}") = "IR", "Toolchain\IR\IR.csproj", "{F3B02208-4E99-4C38-804D-0316C980A0A4}"
EndProject
Project("{FAE04EC0-301F-11D3-BF4B-00C04F79EFBC}") = "Iona", "Toolchain\Iona\Iona.csproj", "{A841A2AA-8BC8-4C32-9F95-515A327C466C}"
EndProject
Project("{2150E333-8FDC-42A3-9474-1A3956D46DE8}") = "Tests", "Tests", "{0AB3BF05-4346-4AA6-1389-037BE0695223}"
EndProject
Project("{FAE04EC0-301F-11D3-BF4B-00C04F79EFBC}") = "Iona.Tests", "Tests\Iona.Tests\Iona.Tests.csproj", "{553687C4-09D7-4A7B-B8E2-CC8A44C43696}"
EndProject
Project("{2150E333-8FDC-42A3-9474-1A3956D46DE8}") = "SDK", "SDK", "{FF13A09E-0E72-1904-124B-A4E979EF28D3}"
EndProject
Project("{FAE04EC0-301F-11D3-BF4B-00C04F79EFBC}") = "Iona.Build.Tasks", "SDK\Iona.Build.Tasks\Iona.Build.Tasks.csproj", "{76F35E85-E19A-4CB5-97F7-530A9626E35A}"
EndProject
Project("{FAE04EC0-301F-11D3-BF4B-00C04F79EFBC}") = "Iona.Sdk", "SDK\Iona.Sdk\Iona.Sdk.csproj", "{1C9CE830-9F3E-4F38-AD9F-4DD93841B2E3}"
EndProject
Project("{FAE04EC0-301F-11D3-BF4B-00C04F79EFBC}") = "Iona.Templates", "SDK\Iona.Templates\Iona.Templates.csproj", "{0414D725-77A1-4911-AEC1-AB0717755AF2}"
EndProject
Global
	GlobalSection(SolutionConfigurationPlatforms) = preSolution
		Debug|Any CPU = Debug|Any CPU
		Debug|x64 = Debug|x64
		Debug|x86 = Debug|x86
		Release|Any CPU = Release|Any CPU
		Release|x64 = Release|x64
		Release|x86 = Release|x86
	EndGlobalSection
	GlobalSection(ProjectConfigurationPlatforms) = postSolution
		{EADDA225-7850-487A-A327-C43C78542C49}.Debug|Any CPU.ActiveCfg = Debug|Any CPU
		{EADDA225-7850-487A-A327-C43C78542C49}.Debug|Any CPU.Build.0 = Debug|Any CPU
		{EADDA225-7850-487A-A327-C43C78542C49}.Debug|x64.ActiveCfg = Debug|Any CPU
		{EADDA225-7850-487A-A327-C43C78542C49}.Debug|x64.Build.0 = Debug|Any CPU
		{EADDA225-7850-487A-A327-C43C78542C49}.Debug|x86.ActiveCfg = Debug|Any CPU
		{EADDA225-7850-487A-A327-C43C78542C49}.Debug|x86.Build.0 = Debug|Any CPU
		{EADDA225-7850-487A-A327-C43C78542C49}.Release|Any CPU.ActiveCfg = Release|Any CPU
		{EADDA225-7850-487A-A327-C43C78542C49}.Release|Any CPU.Build.0 = Release|Any CPU
		{EADDA225-7850-487A-A327-C43C78542C49}.Release|x64.ActiveCfg = Release|Any CPU
		{EADDA225-7850-487A-A327-C43C78542C49}.Release|x64.Build.0 = Release|Any CPU
		{EADDA225-7850-487A-A327-C43C78542C49}.Release|x86.ActiveCfg = Release|Any CPU
		{EADDA225-7850-487A-A327-C43C78542C49}.Release|x86.Build.0 = Release|Any CPU
		{62C05B1E-C595-41F7-8BC9-0024B96E064A}.Debug|Any CPU.ActiveCfg = Debug|Any CPU
		{62C05B1E-C595-41F7-8BC9-0024B96E064A}.Debug|Any CPU.Build.0 = Debug|Any CPU
		{62C05B1E-C595-41F7-8BC9-0024B96E064A}.Debug|x64.ActiveCfg = Debug|Any CPU
		{62C05B1E-C595-41F7-8BC9-0024B96E064A}.Debug|x64.Build.0 = Debug|Any CPU
		{62C05B1E-C595-41F7-8BC9-0024B96E064A}.Debug|x86.ActiveCfg = Debug|Any CPU
		{62C05B1E-C595-41F7-8BC9-0024B96E064A}.Debug|x86.Build.0 = Debug|Any CPU
		{62C05B1E-C595-41F7-8BC9-0024B96E064A}.Release|Any CPU.ActiveCfg = Release|Any CPU
		{62C05B1E-C595-41F7-8BC9-0024B96E064A}.Release|Any CPU.Build.0 = Release|Any CPU
		{62C05B1E-C595-41F7-8BC9-0024B96E064A}.Release|x64.ActiveCfg = Release|Any CPU
		{62C05B1E-C595-41F7-8BC9-0024B96E064A}.Release|x64.Build.0 = Release|Any CPU
		{62C05B1E-C595-41F7-8BC9-0024B96E064A}.Release|x86.ActiveCfg = Release|Any CPU
		{62C05B1E-C595-41F7-8BC9-0024B96E064A}.Release|x86.Build.0 = Release|Any CPU
		{1F271233-2A71-49EE-BD49-6FA420877789}.Debug|Any CPU.ActiveCfg = Debug|Any CPU
		{1F271233-2A71-49EE-BD49-6FA420877789}.Debug|Any CPU.Build.0 = Debug|Any CPU
		{1F271233-2A71-49EE-BD49-6FA420877789}.Debug|x64.ActiveCfg = Debug|Any CPU
		{1F271233-2A71-49EE-BD49-6FA420877789}.Debug|x64.Build.0 = Debug|Any CPU
		{1F271233-2A71-49EE-BD49-6FA420877789}.Debug|x86.ActiveCfg = Debug|Any CPU
		{1F271233-2A71-49EE-BD49-6FA420877789}.Debug|x86.Build.0 = Debug|Any CPU
		{1F271233-2A71-49EE-BD49-6FA420877789}.Release|Any CPU.ActiveCfg = Release|Any CPU
		{1F271233-2A71-49EE-BD49-6FA420877789}.Release|Any CPU.Build.0 = Release|Any CPU
		{1F271233-2A71-49EE-BD49-6FA420877789}.Release|x64.ActiveCfg = Release|Any CPU
		{1F271233-2A71-49EE-BD49-6FA420877789}.Release|x64.Build.0 = Release|Any CPU
		{1F271233-2A71-49EE-BD49-6FA420877789}.Release|x86.ActiveCfg = Release|Any CPU
		{1F271233-2A71-49EE-BD49-6FA420877789}.Release|x86.Build.0 = Release|Any CPU
		{9AF294A5-9BED-4D54-92DE-4479924FA71F}.Debug|Any CPU.ActiveCfg = Debug|Any CPU
		{9AF294A5-9BED-4D54-92DE-4479924FA71F}.Debug|Any CPU.Build.0 = Debug|Any CPU
		{9AF294A5-9BED-4D54-92DE-4479924FA71F}.Debug|x64.ActiveCfg = Debug|Any CPU
		{9AF294A5-9BED-4D54-92DE-4479924FA71F}.Debug|x64.Build.0 = Debug|Any CPU
		{9AF294A5-9BED-4D54-92DE-4479924FA71F}.Debug|x86.ActiveCfg = Debug|Any CPU
		{9AF294A5-9BED-4D54-92DE-4479924FA71F}.Debug|x86.Build.0 = Debug|Any CPU
		{9AF294A5-9BED-4D54-92DE-4479924FA71F}.Release|Any CPU.ActiveCfg = Release|Any CPU
		{9AF294A5-9BED-4D54-92DE-4479924FA71F}.Release|Any CPU.Build.0 = Release|Any CPU
		{9AF294A5-9BED-4D54-92DE-4479924FA71F}.Release|x64.ActiveCfg = Release|Any CPU
		{9AF294A5-9BED-4D54-92DE-4479924FA71F}.Release|x64.Build.0 = Release|Any CPU
		{9AF294A5-9BED-4D54-92DE-4479924FA71F}.Release|x86.ActiveCfg = Release|Any CPU
		{9AF294A5-9BED-4D54-92DE-4479924FA71F}.Release|x86.Build.0 = Release|Any CPU
		{A555A0B8-6ECB-4760-A525-4285B969A79A}.Debug|Any CPU.ActiveCfg = Debug|Any CPU
		{A555A0B8-6ECB-4760-A525-4285B969A79A}.Debug|Any CPU.Build.0 = Debug|Any CPU
		{A555A0B8-6ECB-4760-A525-4285B969A79A}.Debug|x64.ActiveCfg = Debug|Any CPU
		{A555A0B8-6ECB-4760-A525-4285B969A79A}.Debug|x64.Build.0 = Debug|Any CPU
		{A555A0B8-6ECB-4760-A525-4285B969A79A}.Debug|x86.ActiveCfg = Debug|Any CPU
		{A555A0B8-6ECB-4760-A525-4285B969A79A}.Debug|x86.Build.0 = Debug|Any CPU
		{A555A0B8-6ECB-4760-A525-4285B969A79A}.Release|Any CPU.ActiveCfg = Release|Any CPU
		{A555A0B8-6ECB-4760-A525-4285B969A79A}.Release|Any CPU.Build.0 = Release|Any CPU
		{A555A0B8-6ECB-4760-A525-4285B969A79A}.Release|x64.ActiveCfg = Release|Any CPU
		{A555A0B8-6ECB-4760-A525-4285B969A79A}.Release|x64.Build.0 = Release|Any CPU
		{A555A0B8-6ECB-4760-A525-4285B969A79A}.Release|x86.ActiveCfg = Release|Any CPU
		{A555A0B8-6ECB-4760-A525-4285B969A79A}.Release|x86.Build.0 = Release|Any CPU
		{7A4BAADF-21E4-46F3-A3F8-6E587FBE4697}.Debug|Any CPU.ActiveCfg = Debug|Any CPU
		{7A4BAADF-21E4-46F3-A3F8-6E587FBE4697}.Debug|Any CPU.Build.0 = Debug|Any CPU
		{7A4BAADF-21E4-46F3-A3F8-6E587FBE4697}.Debug|x64.ActiveCfg = Debug|Any CPU
		{7A4BAADF-21E4-46F3-A3F8-6E587FBE4697}.Debug|x64.Build.0 = Debug|Any CPU
		{7A4BAADF-21E4-46F3-A3F8-6E587FBE4697}.Debug|x86.ActiveCfg = Debug|Any CPU
		{7A4BAADF-21E4-46F3-A3F8-6E587FBE4697}.Debug|x86.Build.0 = Debug|Any CPU
		{7A4BAADF-21E4-46F3-A3F8-6E587FBE4697}.Release|Any CPU.ActiveCfg = Release|Any CPU
		{7A4BAADF-21E4-46F3-A3F8-6E587FBE4697}.Release|Any CPU.Build.0 = Release|Any CPU
		{7A4BAADF-21E4-46F3-A3F8-6E587FBE4697}.Release|x64.ActiveCfg = Release|Any CPU
		{7A4BAADF-21E4-46F3-A3F8-6E587FBE4697}.Release|x64.Build.0 = Release|Any CPU
		{7A4BAADF-21E4-46F3-A3F8-6E587FBE4697}.Release|x86.ActiveCfg = Release|Any CPU
		{7A4BAADF-21E4-46F3-A3F8-6E587FBE4697}.Release|x86.Build.0 = Release|Any CPU
		{BA35CC4D-CB77-44E7-98E2-EA7A7ABE82CF}.Debug|Any CPU.ActiveCfg = Debug|Any CPU
		{BA35CC4D-CB77-44E7-98E2-EA7A7ABE82CF}.Debug|Any CPU.Build.0 = Debug|Any CPU
		{BA35CC4D-CB77-44E7-98E2-EA7A7ABE82CF}.Debug|x64.ActiveCfg = Debug|Any CPU
		{BA35CC4D-CB77-44E7-98E2-EA7A7ABE82CF}.Debug|x64.Build.0 = Debug|Any CPU
		{BA35CC4D-CB77-44E7-98E2-EA7A7ABE82CF}.Debug|x86.ActiveCfg = Debug|Any CPU
		{BA35CC4D-CB77-44E7-98E2-EA7A7ABE82CF}.Debug|x86.Build.0 = Debug|Any CPU
		{BA35CC4D-CB77-44E7-98E2-EA7A7ABE82CF}.Release|Any CPU.ActiveCfg = Release|Any CPU
		{BA35CC4D-CB77-44E7-98E2-EA7A7ABE82CF}.Release|Any CPU.Build.0 = Release|Any CPU
		{BA35CC4D-CB77-44E7-98E2-EA7A7ABE82CF}.Release|x64.ActiveCfg = Release|Any CPU
		{BA35CC4D-CB77-44E7-98E2-EA7A7ABE82CF}.Release|x64.Build.0 = Release|Any CPU
		{BA35CC4D-CB77-44E7-98E2-EA7A7ABE82CF}.Release|x86.ActiveCfg = Release|Any CPU
		{BA35CC4D-CB77-44E7-98E2-EA7A7ABE82CF}.Release|x86.Build.0 = Release|Any CPU
		{F6934A32-D6F7-4FE1-A5B7-AAF39E4ADB8F}.Debug|Any CPU.ActiveCfg = Debug|Any CPU
		{F6934A32-D6F7-4FE1-A5B7-AAF39E4ADB8F}.Debug|Any CPU.Build.0 = Debug|Any CPU
		{F6934A32-D6F7-4FE1-A5B7-AAF39E4ADB8F}.Debug|x64.ActiveCfg = Debug|Any CPU
		{F6934A32-D6F7-4FE1-A5B7-AAF39E4ADB8F}.Debug|x64.Build.0 = Debug|Any CPU
		{F6934A32-D6F7-4FE1-A5B7-AAF39E4ADB8F}.Debug|x86.ActiveCfg = Debug|Any CPU
		{F6934A32-D6F7-4FE1-A5B7-AAF39E4ADB8F}.Debug|x86.Build.0 = Debug|Any CPU
		{F6934A32-D6F7-4FE1-A5B7-AAF39E4ADB8F}.Release|Any CPU.ActiveCfg = Release|Any CPU
		{F6934A32-D6F7-4FE1-A5B7-AAF39E4ADB8F}.Release|Any CPU.Build.0 = Release|Any CPU
		{F6934A32-D6F7-4FE1-A5B7-AAF39E4ADB8F}.Release|x64.ActiveCfg = Release|Any CPU
		{F6934A32-D6F7-4FE1-A5B7-AAF39E4ADB8F}.Release|x64.Build.0 = Release|Any CPU
		{F6934A32-D6F7-4FE1-A5B7-AAF39E4ADB8F}.Release|x86.ActiveCfg = Release|Any CPU
		{F6934A32-D6F7-4FE1-A5B7-AAF39E4ADB8F}.Release|x86.Build.0 = Release|Any CPU
		{2C748342-A6E3-43B0-B09E-4508D585FA34}.Debug|Any CPU.ActiveCfg = Debug|Any CPU
		{2C748342-A6E3-43B0-B09E-4508D585FA34}.Debug|Any CPU.Build.0 = Debug|Any CPU
		{2C748342-A6E3-43B0-B09E-4508D585FA34}.Debug|x64.ActiveCfg = Debug|Any CPU
		{2C748342-A6E3-43B0-B09E-4508D585FA34}.Debug|x64.Build.0 = Debug|Any CPU
		{2C748342-A6E3-43B0-B09E-4508D585FA34}.Debug|x86.ActiveCfg = Debug|Any CPU
		{2C748342-A6E3-43B0-B09E-4508D585FA34}.Debug|x86.Build.0 = Debug|Any CPU
		{2C748342-A6E3-43B0-B09E-4508D585FA34}.Release|Any CPU.ActiveCfg = Release|Any CPU
		{2C748342-A6E3-43B0-B09E-4508D585FA34}.Release|Any CPU.Build.0 = Release|Any CPU
		{2C748342-A6E3-43B0-B09E-4508D585FA34}.Release|x64.ActiveCfg = Release|Any CPU
		{2C748342-A6E3-43B0-B09E-4508D585FA34}.Release|x64.Build.0 = Release|Any CPU
		{2C748342-A6E3-43B0-B09E-4508D585FA34}.Release|x86.ActiveCfg = Release|Any CPU
		{2C748342-A6E3-43B0-B09E-4508D585FA34}.Release|x86.Build.0 = Release|Any CPU
		{0BB78575-25D8-4635-A6E0-7B96EE472E30}.Debug|Any CPU.ActiveCfg = Debug|Any CPU
		{0BB78575-25D8-4635-A6E0-7B96EE472E30}.Debug|Any CPU.Build.0 = Debug|Any CPU
		{0BB78575-25D8-4635-A6E0-7B96EE472E30}.Debug|x64.ActiveCfg = Debug|Any CPU
		{0BB78575-25D8-4635-A6E0-7B96EE472E30}.Debug|x64.Build.0 = Debug|Any CPU
		{0BB78575-25D8-4635-A6E0-7B96EE472E30}.Debug|x86.ActiveCfg = Debug|Any CPU
		{0BB78575-25D8-4635-A6E0-7B96EE472E30}.Debug|x86.Build.0 = Debug|Any CPU
		{0BB78575-25D8-4635-A6E0-7B96EE472E30}.Release|Any CPU.ActiveCfg = Release|Any CPU
		{0BB78575-25D8-4635-A6E0-7B96EE472E30}.Release|Any CPU.Build.0 = Release|Any CPU
		{0BB78575-25D8-4635-A6E0-7B96EE472E30}.Release|x64.ActiveCfg = Release|Any CPU
		{0BB78575-25D8-4635-A6E0-7B96EE472E30}.Release|x64.Build.0 = Release|Any CPU
		{0BB78575-25D8-4635-A6E0-7B96EE472E30}.Release|x86.ActiveCfg = Release|Any CPU
		{0BB78575-25D8-4635-A6E0-7B96EE472E30}.Release|x86.Build.0 = Release|Any CPU
		{F3B02208-4E99-4C38-804D-0316C980A0A4}.Debug|Any CPU.ActiveCfg = Debug|Any CPU
		{F3B02208-4E99-4C38-804D-0316C980A0A4}.Debug|Any CPU.Build.0 = Debug|Any CPU
		{F3B02208-4E99-4C38-804D-0316C980A0A4}.Debug|x64.ActiveCfg = Debug|Any CPU
		{F3B02208-4E99-4C38-804D-0316C980A0A4}.Debug|x64.Build.0 = Debug|Any CPU
		{F3B02208-4E99-4C38-804D-0316C980A0A4}.Debug|x86.ActiveCfg = Debug|Any CPU
		{F3B02208-4E99-4C38-804D-0316C980A0A4}.Debug|x86.Build.0 = Debug|Any CPU
		{F3B02208-4E99-4C38-804D-0316C980A0A4}.Release|Any CPU.ActiveCfg = Release|Any CPU
		{F3B02208-4E99-4C38-804D-0316C980A0A4}.Release|Any CPU.Build.0 = Release|Any CPU
		{F3B02208-4E99-4C38-804D-0316C980A0A4}.Release|x64.ActiveCfg = Release|Any CPU
		{F3B02208-4E99-4C38-804D-0316C980A0A4}.Release|x64.Build.0 = Release|Any CPU
		{F3B02208-4E99-4C38-804D-0316C980A0A4}.Release|x86.ActiveCfg = Release|Any CPU
		{F3B02208-4E99-4C38-804D-0316C980A0A4}.Release|x86.Build.0 = Release|Any CPU
		{A841A2AA-8BC8-4C32-9F95-515A327C466C}.Debug|Any CPU.ActiveCfg = Debug|Any CPU
		{A841A2AA-8BC8-4C32-9F95-515A327C466C}.Debug|Any CPU.Build.0 = Debug|Any CPU
		{A841A2AA-8BC8-4C32-9F95-515A327C466C}.Debug|x64.ActiveCfg = Debug|Any CPU
		{A841A2AA-8BC8-4C32-9F95-515A327C466C}.Debug|x64.Build.0 = Debug|Any CPU
		{A841A2AA-8BC8-4C32-9F95-515A327C466C}.Debug|x86.ActiveCfg = Debug|Any CPU
		{A841A2AA-8BC8-4C32-9F95-515A327C466C}.Debug|x86.Build.0 = Debug|Any CPU
		{A841A2AA-8BC8-4C32-9F95-515A327C466C}.Release|Any CPU.ActiveCfg = Release|Any CPU
		{A841A2AA-8BC8-4C32-9F95-515A327C466C}.Release|Any CPU.Build.0 = Release|Any CPU
		{A841A2AA-8BC8-4C32-9F95-515A327C466C}.Release|x64.ActiveCfg = Release|Any CPU
		{A841A2AA-8BC8-4C32-9F95-515A327C466C}.Release|x64.Build.0 = Release|Any CPU
		{A841A2AA-8BC8-4C32-9F95-515A327C466C}.Release|x86.ActiveCfg = Release|Any CPU
		{A841A2AA-8BC8-4C32-9F95-515A327C466C}.Release|x86.Build.0 = Release|Any CPU
		{553687C4-09D7-4A7B-B8E2-CC8A44C43696}.Debug|Any CPU.ActiveCfg = Debug|Any CPU
		{553687C4-09D7-4A7B-B8E2-CC8A44C43696}.Debug|Any CPU.Build.0 = Debug|Any CPU
		{553687C4-09D7-4A7B-B8E2-CC8A44C43696}.Debug|x64.ActiveCfg = Debug|Any CPU
		{553687C4-09D7-4A7B-B8E2-CC8A44C43696}.Debug|x64.Build.0 = Debug|Any CPU
		{553687C4-09D7-4A7B-B8E2-CC8A44C43696}.Debug|x86.ActiveCfg = Debug|Any CPU
		{553687C4-09D7-4A7B-B8E2-CC8A44C43696}.Debug|x86.Build.0 = Debug|Any CPU
		{553687C4-09D7-4A7B-B8E2-CC8A44C43696}.Release|Any CPU.ActiveCfg = Release|Any CPU
		{553687C4-09D7-4A7B-B8E2-CC8A44C43696}.Release|Any CPU.Build.0 = Release|Any CPU
		{553687C4-09D7-4A7B-B8E2-CC8A44C43696}.Release|x64.ActiveCfg = Release|Any CPU
		{553687C4-09D7-4A7B-B8E2-CC8A44C43696}.Release|x64.Build.0 = Release|Any CPU
		{553687C4-09D7-4A7B-B8E2-CC8A44C43696}.Release|x86.ActiveCfg = Release|Any CPU
		{553687C4-09D7-4A7B-B8E2-CC8A44C43696}.Release|x86.Build.0 = Release|Any CPU
		{76F35E85-E19A-4CB5-97F7-530A9626E35A}.Debug|Any CPU.ActiveCfg = Debug|Any CPU
		{76F35E85-E19A-4CB5-97F7-530A9626E35A}.Debug|Any CPU.Build.0 = Debug|Any CPU
		{76F35E85-E19A-4CB5-97F7-530A9626E35A}.Debug|x64.ActiveCfg = Debug|Any CPU
		{76F35E85-E19A-4CB5-97F7-530A9626E35A}.Debug|x64.Build.0 = Debug|Any CPU
		{76F35E85-E19A-4CB5-97F7-530A9626E35A}.Debug|x86.ActiveCfg = Debug|Any CPU
		{76F35E85-E19A-4CB5-97F7-530A9626E35A}.Debug|x86.Build.0 = Debug|Any CPU
		{76F35E85-E19A-4CB5-97F7-530A9626E35A}.Release|Any CPU.ActiveCfg = Release|Any CPU
		{76F35E85-E19A-4CB5-97F7-530A9626E35A}.Release|Any CPU.Build.0 = Release|Any CPU
		{76F35E85-E19A-4CB5-97F7-530A9626E35A}.Release|x64.ActiveCfg = Release|Any CPU
		{76F35E85-E19A-4CB5-97F7-530A9626E35A}.Release|x64.Build.0 = Release|Any CPU
		{76F35E85-E19A-4CB5-97F7-530A9626E35A}.Release|x86.ActiveCfg = Release|Any CPU
		{76F35E85-E19A-4CB5-97F7-530A9626E35A}.Release|x86.Build.0 = Release|Any CPU
		{1C9CE830-9F3E-4F38-AD9F-4DD93841B2E3}.Debug|Any CPU.ActiveCfg = Debug|Any CPU
		{1C9CE830-9F3E-4F38-AD9F-4DD93841B2E3}.Debug|Any CPU.Build.0 = Debug|Any CPU
		{1C9CE830-9F3E-4F38-AD9F-4DD93841B2E3}.Debug|x64.ActiveCfg = Debug|Any CPU
		{1C9CE830-9F3E-4F38-AD9F-4DD93841B2E3}.Debug|x64.Build.0 = Debug|Any CPU
		{1C9CE830-9F3E-4F38-AD9F-4DD93841B2E3}.Debug|x86.ActiveCfg = Debug|Any CPU
		{1C9CE830-9F3E-4F38-AD9F-4DD93841B2E3}.Debug|x86.Build.0 = Debug|Any CPU
		{1C9CE830-9F3E-4F38-AD9F-4DD93841B2E3}.Release|Any CPU.ActiveCfg = Release|Any CPU
		{1C9CE830-9F3E-4F38-AD9F-4DD93841B2E3}.Release|Any CPU.Build.0 = Release|Any CPU
		{1C9CE830-9F3E-4F38-AD9F-4DD93841B2E3}.Release|x64.ActiveCfg = Release|Any CPU
		{1C9CE830-9F3E-4F38-AD9F-4DD93841B2E3}.Release|x64.Build.0 = Release|Any CPU
		{1C9CE830-9F3E-4F38-AD9F-4DD93841B2E3}.Release|x86.ActiveCfg = Release|Any CPU
		{1C9CE830-9F3E-4F38-AD9F-4DD93841B2E3}.Release|x86.Build.0 = Release|Any CPU
		{0414D725-77A1-4911-AEC1-AB0717755AF2}.Debug|Any CPU.ActiveCfg = Debug|Any CPU
		{0414D725-77A1-4911-AEC1-AB0717755AF2}.Debug|Any CPU.Build.0 = Debug|Any CPU
		{0414D725-77A1-4911-AEC1-AB0717755AF2}.Debug|x64.ActiveCfg = Debug|Any CPU
		{0414D725-77A1-4911-AEC1-AB0717755AF2}.Debug|x64.Build.0 = Debug|Any CPU
		{0414D725-77A1-4911-AEC1-AB0717755AF2}.Debug|x86.ActiveCfg = Debug|Any CPU
		{0414D725-77A1-4911-AEC1-AB0717755AF2}.Debug|x86.Build.0 = Debug|Any CPU
		{0414D725-77A1-4911-AEC1-AB0717755AF2}.Release|Any CPU.ActiveCfg = Release|Any CPU
		{0414D725-77A1-4911-AEC1-AB0717755AF2}.Release|Any CPU.Build.0 = Release|Any CPU
		{0414D725-77A1-4911-AEC1-AB0717755AF2}.Release|x64.ActiveCfg = Release|Any CPU
		{0414D725-77A1-4911-AEC1-AB0717755AF2}.Release|x64.Build.0 = Release|Any CPU
		{0414D725-77A1-4911-AEC1-AB0717755AF2}.Release|x86.ActiveCfg = Release|Any CPU
		{0414D725-77A1-4911-AEC1-AB0717755AF2}.Release|x86.Build.0 = Release|Any CPU
	EndGlobalSection
	GlobalSection(SolutionProperties) = preSolution
		HideSolutionNode = FALSE
	EndGlobalSection
	GlobalSection(NestedProjects) = preSolution
		{EADDA225-7850-487A-A327-C43C78542C49} = {530DBD37-5B7D-4711-8C30-C6FF20672FC0}
		{62C05B1E-C595-41F7-8BC9-0024B96E064A} = {530DBD37-5B7D-4711-8C30-C6FF20672FC0}
		{1F271233-2A71-49EE-BD49-6FA420877789} = {530DBD37-5B7D-4711-8C30-C6FF20672FC0}
		{9AF294A5-9BED-4D54-92DE-4479924FA71F} = {530DBD37-5B7D-4711-8C30-C6FF20672FC0}
		{A555A0B8-6ECB-4760-A525-4285B969A79A} = {530DBD37-5B7D-4711-8C30-C6FF20672FC0}
		{7A4BAADF-21E4-46F3-A3F8-6E587FBE4697} = {530DBD37-5B7D-4711-8C30-C6FF20672FC0}
		{BA35CC4D-CB77-44E7-98E2-EA7A7ABE82CF} = {530DBD37-5B7D-4711-8C30-C6FF20672FC0}
		{F6934A32-D6F7-4FE1-A5B7-AAF39E4ADB8F} = {530DBD37-5B7D-4711-8C30-C6FF20672FC0}
		{2C748342-A6E3-43B0-B09E-4508D585FA34} = {530DBD37-5B7D-4711-8C30-C6FF20672FC0}
		{0BB78575-25D8-4635-A6E0-7B96EE472E30} = {530DBD37-5B7D-4711-8C30-C6FF20672FC0}
		{F3B02208-4E99-4C38-804D-0316C980A0A4} = {530DBD37-5B7D-4711-8C30-C6FF20672FC0}
		{A841A2AA-8BC8-4C32-9F95-515A327C466C} = {530DBD37-5B7D-4711-8C30-C6FF20672FC0}
		{553687C4-09D7-4A7B-B8E2-CC8A44C43696} = {0AB3BF05-4346-4AA6-1389-037BE0695223}
		{76F35E85-E19A-4CB5-97F7-530A9626E35A} = {FF13A09E-0E72-1904-124B-A4E979EF28D3}
		{1C9CE830-9F3E-4F38-AD9F-4DD93841B2E3} = {FF13A09E-0E72-1904-124B-A4E979EF28D3}
		{0414D725-77A1-4911-AEC1-AB0717755AF2} = {FF13A09E-0E72-1904-124B-A4E979EF28D3}
	EndGlobalSection
	GlobalSection(ExtensibilityGlobals) = postSolution
		SolutionGuid = {91C7A0B0-FFBB-445F-AE6F-656D11E18F16}
	EndGlobalSection
EndGlobal
